// !$*UTF8*$!
{
	archiveVersion = 1;
	classes = {
	};
	objectVersion = 46;
	objects = {

/* Begin PBXBuildFile section */
		C0AEBEB01EAE1CB600037E91 /* AppDelegate.swift in Sources */ = {isa = PBXBuildFile; fileRef = C0AEBEAF1EAE1CB600037E91 /* AppDelegate.swift */; };
		C0AEBEB51EAE1CB600037E91 /* Main.storyboard in Resources */ = {isa = PBXBuildFile; fileRef = C0AEBEB31EAE1CB600037E91 /* Main.storyboard */; };
		C0AEBEB71EAE1CB600037E91 /* Assets.xcassets in Resources */ = {isa = PBXBuildFile; fileRef = C0AEBEB61EAE1CB600037E91 /* Assets.xcassets */; };
		C0AEBEBA1EAE1CB600037E91 /* LaunchScreen.storyboard in Resources */ = {isa = PBXBuildFile; fileRef = C0AEBEB81EAE1CB600037E91 /* LaunchScreen.storyboard */; };
/* End PBXBuildFile section */

/* Begin PBXFileReference section */
		C0AEBEAC1EAE1CB600037E91 /* DYZB.app */ = {isa = PBXFileReference; explicitFileType = wrapper.application; includeInIndex = 0; path = DYZB.app; sourceTree = BUILT_PRODUCTS_DIR; };
		C0AEBEAF1EAE1CB600037E91 /* AppDelegate.swift */ = {isa = PBXFileReference; lastKnownFileType = sourcecode.swift; path = AppDelegate.swift; sourceTree = "<group>"; };
		C0AEBEB41EAE1CB600037E91 /* Base */ = {isa = PBXFileReference; lastKnownFileType = file.storyboard; name = Base; path = Base.lproj/Main.storyboard; sourceTree = "<group>"; };
		C0AEBEB61EAE1CB600037E91 /* Assets.xcassets */ = {isa = PBXFileReference; lastKnownFileType = folder.assetcatalog; path = Assets.xcassets; sourceTree = "<group>"; };
		C0AEBEB91EAE1CB600037E91 /* Base */ = {isa = PBXFileReference; lastKnownFileType = file.storyboard; name = Base; path = Base.lproj/LaunchScreen.storyboard; sourceTree = "<group>"; };
		C0AEBEBB1EAE1CB600037E91 /* Info.plist */ = {isa = PBXFileReference; lastKnownFileType = text.plist.xml; path = Info.plist; sourceTree = "<group>"; };
/* End PBXFileReference section */

/* Begin PBXFrameworksBuildPhase section */
		C0AEBEA91EAE1CB500037E91 /* Frameworks */ = {
			isa = PBXFrameworksBuildPhase;
			buildActionMask = 2147483647;
			files = (
			);
			runOnlyForDeploymentPostprocessing = 0;
		};
/* End PBXFrameworksBuildPhase section */

/* Begin PBXGroup section */
		C0AEBEA31EAE1CB500037E91 = {
			isa = PBXGroup;
			children = (
				C0AEBEAE1EAE1CB600037E91 /* DYZB */,
				C0AEBEAD1EAE1CB600037E91 /* Products */,
			);
			sourceTree = "<group>";
		};
		C0AEBEAD1EAE1CB600037E91 /* Products */ = {
			isa = PBXGroup;
			children = (
				C0AEBEAC1EAE1CB600037E91 /* DYZB.app */,
			);
			name = Products;
			sourceTree = "<group>";
		};
		C0AEBEAE1EAE1CB600037E91 /* DYZB */ = {
			isa = PBXGroup;
			children = (
				C0AEBEC11EAE296E00037E91 /* Classes */,
				C0AEBEAF1EAE1CB600037E91 /* AppDelegate.swift */,
				C0AEBEB31EAE1CB600037E91 /* Main.storyboard */,
				C0AEBEB61EAE1CB600037E91 /* Assets.xcassets */,
				C0AEBEB81EAE1CB600037E91 /* LaunchScreen.storyboard */,
				C0AEBEBB1EAE1CB600037E91 /* Info.plist */,
			);
			path = DYZB;
			sourceTree = "<group>";
		};
		C0AEBEC11EAE296E00037E91 /* Classes */ = {
			isa = PBXGroup;
			children = (
				C0AEBEC51EAE296E00037E91 /* Main */,
				C0AEBEC31EAE296E00037E91 /* Home */,
				C0AEBEC41EAE296E00037E91 /* Live */,
				C0AEBEC21EAE296E00037E91 /* Follow */,
				C0AEBEC61EAE296E00037E91 /* Profile */,
				C0AEBEC71EAE296E00037E91 /* Tools */,
			);
			path = Classes;
			sourceTree = "<group>";
		};
		C0AEBEC21EAE296E00037E91 /* Follow */ = {
			isa = PBXGroup;
			children = (
			);
			path = Follow;
			sourceTree = "<group>";
		};
		C0AEBEC31EAE296E00037E91 /* Home */ = {
			isa = PBXGroup;
			children = (
			);
			path = Home;
			sourceTree = "<group>";
		};
		C0AEBEC41EAE296E00037E91 /* Live */ = {
			isa = PBXGroup;
			children = (
			);
			path = Live;
			sourceTree = "<group>";
		};
		C0AEBEC51EAE296E00037E91 /* Main */ = {
			isa = PBXGroup;
			children = (
			);
			path = Main;
			sourceTree = "<group>";
		};
		C0AEBEC61EAE296E00037E91 /* Profile */ = {
			isa = PBXGroup;
			children = (
			);
			path = Profile;
			sourceTree = "<group>";
		};
		C0AEBEC71EAE296E00037E91 /* Tools */ = {
			isa = PBXGroup;
			children = (
			);
			path = Tools;
			sourceTree = "<group>";
		};
/* End PBXGroup section */

/* Begin PBXNativeTarget section */
		C0AEBEAB1EAE1CB500037E91 /* DYZB */ = {
			isa = PBXNativeTarget;
			buildConfigurationList = C0AEBEBE1EAE1CB600037E91 /* Build configuration list for PBXNativeTarget "DYZB" */;
			buildPhases = (
				C0AEBEA81EAE1CB500037E91 /* Sources */,
				C0AEBEA91EAE1CB500037E91 /* Frameworks */,
				C0AEBEAA1EAE1CB500037E91 /* Resources */,
			);
			buildRules = (
			);
			dependencies = (
			);
			name = DYZB;
			productName = DYZB;
			productReference = C0AEBEAC1EAE1CB600037E91 /* DYZB.app */;
			productType = "com.apple.product-type.application";
		};
/* End PBXNativeTarget section */

/* Begin PBXProject section */
		C0AEBEA41EAE1CB500037E91 /* Project object */ = {
			isa = PBXProject;
			attributes = {
				LastSwiftUpdateCheck = 0820;
				LastUpgradeCheck = 0820;
				ORGANIZATIONNAME = "饶鹏伟";
				TargetAttributes = {
					C0AEBEAB1EAE1CB500037E91 = {
						CreatedOnToolsVersion = 8.2.1;
						DevelopmentTeam = F758H92265;
						ProvisioningStyle = Automatic;
					};
				};
			};
			buildConfigurationList = C0AEBEA71EAE1CB500037E91 /* Build configuration list for PBXProject "DYZB" */;
			compatibilityVersion = "Xcode 3.2";
			developmentRegion = English;
			hasScannedForEncodings = 0;
			knownRegions = (
				en,
				Base,
			);
			mainGroup = C0AEBEA31EAE1CB500037E91;
			productRefGroup = C0AEBEAD1EAE1CB600037E91 /* Products */;
			projectDirPath = "";
			projectRoot = "";
			targets = (
				C0AEBEAB1EAE1CB500037E91 /* DYZB */,
			);
		};
/* End PBXProject section */

/* Begin PBXResourcesBuildPhase section */
		C0AEBEAA1EAE1CB500037E91 /* Resources */ = {
			isa = PBXResourcesBuildPhase;
			buildActionMask = 2147483647;
			files = (
				C0AEBEBA1EAE1CB600037E91 /* LaunchScreen.storyboard in Resources */,
				C0AEBEB71EAE1CB600037E91 /* Assets.xcassets in Resources */,
				C0AEBEB51EAE1CB600037E91 /* Main.storyboard in Resources */,
			);
			runOnlyForDeploymentPostprocessing = 0;
		};
/* End PBXResourcesBuildPhase section */

/* Begin PBXSourcesBuildPhase section */
		C0AEBEA81EAE1CB500037E91 /* Sources */ = {
			isa = PBXSourcesBuildPhase;
			buildActionMask = 2147483647;
			files = (
				C0AEBEB01EAE1CB600037E91 /* AppDelegate.swift in Sources */,
			);
			runOnlyForDeploymentPostprocessing = 0;
		};
/* End PBXSourcesBuildPhase section */

/* Begin PBXVariantGroup section */
		C0AEBEB31EAE1CB600037E91 /* Main.storyboard */ = {
			isa = PBXVariantGroup;
			children = (
				C0AEBEB41EAE1CB600037E91 /* Base */,
			);
			name = Main.storyboard;
			sourceTree = "<group>";
		};
		C0AEBEB81EAE1CB600037E91 /* LaunchScreen.storyboard */ = {
			isa = PBXVariantGroup;
			children = (
				C0AEBEB91EAE1CB600037E91 /* Base */,
			);
			name = LaunchScreen.storyboard;
			sourceTree = "<group>";
		};
/* End PBXVariantGroup section */

/* Begin XCBuildConfiguration section */
		C0AEBEBC1EAE1CB600037E91 /* Debug */ = {
			isa = XCBuildConfiguration;
			buildSettings = {
				ALWAYS_SEARCH_USER_PATHS = NO;
				CLANG_ANALYZER_NONNULL = YES;
				CLANG_CXX_LANGUAGE_STANDARD = "gnu++0x";
				CLANG_CXX_LIBRARY = "libc++";
				CLANG_ENABLE_MODULES = YES;
				CLANG_ENABLE_OBJC_ARC = YES;
				CLANG_WARN_BOOL_CONVERSION = YES;
				CLANG_WARN_CONSTANT_CONVERSION = YES;
				CLANG_WARN_DIRECT_OBJC_ISA_USAGE = YES_ERROR;
				CLANG_WARN_DOCUMENTATION_COMMENTS = YES;
				CLANG_WARN_EMPTY_BODY = YES;
				CLANG_WARN_ENUM_CONVERSION = YES;
				CLANG_WARN_INFINITE_RECURSION = YES;
				CLANG_WARN_INT_CONVERSION = YES;
				CLANG_WARN_OBJC_ROOT_CLASS = YES_ERROR;
				CLANG_WARN_SUSPICIOUS_MOVE = YES;
				CLANG_WARN_UNREACHABLE_CODE = YES;
				CLANG_WARN__DUPLICATE_METHOD_MATCH = YES;
				"CODE_SIGN_IDENTITY[sdk=iphoneos*]" = "iPhone Developer";
				COPY_PHASE_STRIP = NO;
				DEBUG_INFORMATION_FORMAT = dwarf;
				ENABLE_STRICT_OBJC_MSGSEND = YES;
				ENABLE_TESTABILITY = YES;
				GCC_C_LANGUAGE_STANDARD = gnu99;
				GCC_DYNAMIC_NO_PIC = NO;
				GCC_NO_COMMON_BLOCKS = YES;
				GCC_OPTIMIZATION_LEVEL = 0;
				GCC_PREPROCESSOR_DEFINITIONS = (
					"DEBUG=1",
					"$(inherited)",
				);
				GCC_WARN_64_TO_32_BIT_CONVERSION = YES;
				GCC_WARN_ABOUT_RETURN_TYPE = YES_ERROR;
				GCC_WARN_UNDECLARED_SELECTOR = YES;
				GCC_WARN_UNINITIALIZED_AUTOS = YES_AGGRESSIVE;
				GCC_WARN_UNUSED_FUNCTION = YES;
				GCC_WARN_UNUSED_VARIABLE = YES;
				IPHONEOS_DEPLOYMENT_TARGET = 10.2;
				MTL_ENABLE_DEBUG_INFO = YES;
				ONLY_ACTIVE_ARCH = YES;
				SDKROOT = iphoneos;
				SWIFT_ACTIVE_COMPILATION_CONDITIONS = DEBUG;
				SWIFT_OPTIMIZATION_LEVEL = "-Onone";
			};
			name = Debug;
		};
		C0AEBEBD1EAE1CB600037E91 /* Release */ = {
			isa = XCBuildConfiguration;
			buildSettings = {
				ALWAYS_SEARCH_USER_PATHS = NO;
				CLANG_ANALYZER_NONNULL = YES;
				CLANG_CXX_LANGUAGE_STANDARD = "gnu++0x";
				CLANG_CXX_LIBRARY = "libc++";
				CLANG_ENABLE_MODULES = YES;
				CLANG_ENABLE_OBJC_ARC = YES;
				CLANG_WARN_BOOL_CONVERSION = YES;
				CLANG_WARN_CONSTANT_CONVERSION = YES;
				CLANG_WARN_DIRECT_OBJC_ISA_USAGE = YES_ERROR;
				CLANG_WARN_DOCUMENTATION_COMMENTS = YES;
				CLANG_WARN_EMPTY_BODY = YES;
				CLANG_WARN_ENUM_CONVERSION = YES;
				CLANG_WARN_INFINITE_RECURSION = YES;
				CLANG_WARN_INT_CONVERSION = YES;
				CLANG_WARN_OBJC_ROOT_CLASS = YES_ERROR;
				CLANG_WARN_SUSPICIOUS_MOVE = YES;
				CLANG_WARN_UNREACHABLE_CODE = YES;
				CLANG_WARN__DUPLICATE_METHOD_MATCH = YES;
				"CODE_SIGN_IDENTITY[sdk=iphoneos*]" = "iPhone Developer";
				COPY_PHASE_STRIP = NO;
				DEBUG_INFORMATION_FORMAT = "dwarf-with-dsym";
				ENABLE_NS_ASSERTIONS = NO;
				ENABLE_STRICT_OBJC_MSGSEND = YES;
				GCC_C_LANGUAGE_STANDARD = gnu99;
				GCC_NO_COMMON_BLOCKS = YES;
				GCC_WARN_64_TO_32_BIT_CONVERSION = YES;
				GCC_WARN_ABOUT_RETURN_TYPE = YES_ERROR;
				GCC_WARN_UNDECLARED_SELECTOR = YES;
				GCC_WARN_UNINITIALIZED_AUTOS = YES_AGGRESSIVE;
				GCC_WARN_UNUSED_FUNCTION = YES;
				GCC_WARN_UNUSED_VARIABLE = YES;
				IPHONEOS_DEPLOYMENT_TARGET = 10.2;
				MTL_ENABLE_DEBUG_INFO = NO;
				SDKROOT = iphoneos;
				SWIFT_OPTIMIZATION_LEVEL = "-Owholemodule";
				VALIDATE_PRODUCT = YES;
			};
			name = Release;
		};
		C0AEBEBF1EAE1CB600037E91 /* Debug */ = {
			isa = XCBuildConfiguration;
			buildSettings = {
				ASSETCATALOG_COMPILER_APPICON_NAME = AppIcon;
				ASSETCATALOG_COMPILER_LAUNCHIMAGE_NAME = LaunchImage;
				DEVELOPMENT_TEAM = F758H92265;
				INFOPLIST_FILE = DYZB/Info.plist;
				IPHONEOS_DEPLOYMENT_TARGET = 9.0;
				LD_RUNPATH_SEARCH_PATHS = "$(inherited) @executable_path/Frameworks";
				PRODUCT_BUNDLE_IDENTIFIER = com.pw.cn.DYZB;
				PRODUCT_NAME = "$(TARGET_NAME)";
				SWIFT_VERSION = 3.0;
			};
			name = Debug;
		};
		C0AEBEC01EAE1CB600037E91 /* Release */ = {
			isa = XCBuildConfiguration;
			buildSettings = {
				ASSETCATALOG_COMPILER_APPICON_NAME = AppIcon;
				ASSETCATALOG_COMPILER_LAUNCHIMAGE_NAME = LaunchImage;
				DEVELOPMENT_TEAM = F758H92265;
				INFOPLIST_FILE = DYZB/Info.plist;
				IPHONEOS_DEPLOYMENT_TARGET = 9.0;
				LD_RUNPATH_SEARCH_PATHS = "$(inherited) @executable_path/Frameworks";
				PRODUCT_BUNDLE_IDENTIFIER = com.pw.cn.DYZB;
				PRODUCT_NAME = "$(TARGET_NAME)";
				SWIFT_VERSION = 3.0;
			};
			name = Release;
		};
/* End XCBuildConfiguration section */

/* Begin XCConfigurationList section */
		C0AEBEA71EAE1CB500037E91 /* Build configuration list for PBXProject "DYZB" */ = {
			isa = XCConfigurationList;
			buildConfigurations = (
				C0AEBEBC1EAE1CB600037E91 /* Debug */,
				C0AEBEBD1EAE1CB600037E91 /* Release */,
			);
			defaultConfigurationIsVisible = 0;
			defaultConfigurationName = Release;
		};
		C0AEBEBE1EAE1CB600037E91 /* Build configuration list for PBXNativeTarget "DYZB" */ = {
			isa = XCConfigurationList;
			buildConfigurations = (
				C0AEBEBF1EAE1CB600037E91 /* Debug */,
				C0AEBEC01EAE1CB600037E91 /* Release */,
			);
			defaultConfigurationIsVisible = 0;
		};
/* End XCConfigurationList section */
	};
	rootObject = C0AEBEA41EAE1CB500037E91 /* Project object */;
}
